
Microsoft Visual Studio Solution File, Format Version 12.00
# Visual Studio Version 17
VisualStudioVersion = 17.3.32929.385
MinimumVisualStudioVersion = 10.0.40219.1
Project("{9A19103F-16F7-4668-BE54-9A1E7A4F7556}") = "EidoUnitTests", "EidoUnitTests.csproj", "{B84DCB4D-19B0-46FA-A90F-644B96E25384}"
EndProject
Global
	GlobalSection(SolutionConfigurationPlatforms) = preSolution
		Debug|Any CPU = Debug|Any CPU
		Release|Any CPU = Release|Any CPU
	EndGlobalSection
	GlobalSection(ProjectConfigurationPlatforms) = postSolution
		{B84DCB4D-19B0-46FA-A90F-644B96E25384}.Debug|Any CPU.ActiveCfg = Debug|Any CPU
		{B84DCB4D-19B0-46FA-A90F-644B96E25384}.Debug|Any CPU.Build.0 = Debug|Any CPU
		{B84DCB4D-19B0-46FA-A90F-644B96E25384}.Release|Any CPU.ActiveCfg = Release|Any CPU
		{B84DCB4D-19B0-46FA-A90F-644B96E25384}.Release|Any CPU.Build.0 = Release|Any CPU
	EndGlobalSection
	GlobalSection(SolutionProperties) = preSolution
		HideSolutionNode = FALSE
	EndGlobalSection
	GlobalSection(ExtensibilityGlobals) = postSolution
		SolutionGuid = {8BB2EA9A-6CFC-4B2A-9534-9AD4D9F09902}
	EndGlobalSection
EndGlobal
